{
  "name": "lineadraw",
  "version": "1.0.0",
  "lockfileVersion": 3,
  "requires": true,
  "packages": {
    "": {
      "name": "lineadraw",
      "version": "1.0.0",
      "dependencies": {
        "lineadraw": "^0.2.0"
      }
    },
    "node_modules/lineadraw": {
      "version": "0.2.0",
      "resolved": "https://registry.npmjs.org/lineadraw/-/lineadraw-0.2.0.tgz",
      "integrity": "sha512-Jlvz45iGA4bEB/S3dlNxdyyDxne2ftP72Ul92ZEswCiQvaTYtmXTRIVU87JcGnpGDelsULxho5gU2Fk17O7RJQ==",
      "license": "MIT"
    }
  }
}
